// !$*UTF8*$!
{
	archiveVersion = 1;
	classes = {
	};
	objectVersion = 56;
	objects = {

/* Begin PBXBuildFile section */
		56AFA4862B1114E900E2C239 /* AppDelegate.swift in Sources */ = {isa = PBXBuildFile; fileRef = 56AFA4852B1114E900E2C239 /* AppDelegate.swift */; };
		56AFA4882B1114E900E2C239 /* SceneDelegate.swift in Sources */ = {isa = PBXBuildFile; fileRef = 56AFA4872B1114E900E2C239 /* SceneDelegate.swift */; };
		56AFA48A2B1114E900E2C239 /* ViewController.swift in Sources */ = {isa = PBXBuildFile; fileRef = 56AFA4892B1114E900E2C239 /* ViewController.swift */; };
		56AFA48F2B1114EA00E2C239 /* Assets.xcassets in Resources */ = {isa = PBXBuildFile; fileRef = 56AFA48E2B1114EA00E2C239 /* Assets.xcassets */; };
		56AFA4922B1114EA00E2C239 /* LaunchScreen.storyboard in Resources */ = {isa = PBXBuildFile; fileRef = 56AFA4902B1114EA00E2C239 /* LaunchScreen.storyboard */; };
		56AFA49D2B1115DE00E2C239 /* CustomTableViewCell.swift in Sources */ = {isa = PBXBuildFile; fileRef = 56AFA49C2B1115DE00E2C239 /* CustomTableViewCell.swift */; };
		56AFA4A12B111AE000E2C239 /* SDWebImage in Frameworks */ = {isa = PBXBuildFile; productRef = 56AFA4A02B111AE000E2C239 /* SDWebImage */; };
		56AFA4A32B111AE000E2C239 /* SDWebImageMapKit in Frameworks */ = {isa = PBXBuildFile; productRef = 56AFA4A22B111AE000E2C239 /* SDWebImageMapKit */; };
		56AFA4A62B11207900E2C239 /* APICaller.swift in Sources */ = {isa = PBXBuildFile; fileRef = 56AFA4A52B11207900E2C239 /* APICaller.swift */; };
		56AFA4A92B11210000E2C239 /* PostModel.swift in Sources */ = {isa = PBXBuildFile; fileRef = 56AFA4A82B11210000E2C239 /* PostModel.swift */; };
		56AFA4AB2B112EBF00E2C239 /* NewPageViewController.swift in Sources */ = {isa = PBXBuildFile; fileRef = 56AFA4AA2B112EBF00E2C239 /* NewPageViewController.swift */; };
/* End PBXBuildFile section */

/* Begin PBXFileReference section */
		56AFA4822B1114E900E2C239 /* TableViewPagination.app */ = {isa = PBXFileReference; explicitFileType = wrapper.application; includeInIndex = 0; path = TableViewPagination.app; sourceTree = BUILT_PRODUCTS_DIR; };
		56AFA4852B1114E900E2C239 /* AppDelegate.swift */ = {isa = PBXFileReference; lastKnownFileType = sourcecode.swift; path = AppDelegate.swift; sourceTree = "<group>"; };
		56AFA4872B1114E900E2C239 /* SceneDelegate.swift */ = {isa = PBXFileReference; lastKnownFileType = sourcecode.swift; path = SceneDelegate.swift; sourceTree = "<group>"; };
		56AFA4892B1114E900E2C239 /* ViewController.swift */ = {isa = PBXFileReference; lastKnownFileType = sourcecode.swift; path = ViewController.swift; sourceTree = "<group>"; };
		56AFA48E2B1114EA00E2C239 /* Assets.xcassets */ = {isa = PBXFileReference; lastKnownFileType = folder.assetcatalog; path = Assets.xcassets; sourceTree = "<group>"; };
		56AFA4912B1114EA00E2C239 /* Base */ = {isa = PBXFileReference; lastKnownFileType = file.storyboard; name = Base; path = Base.lproj/LaunchScreen.storyboard; sourceTree = "<group>"; };
		56AFA4932B1114EA00E2C239 /* Info.plist */ = {isa = PBXFileReference; lastKnownFileType = text.plist.xml; path = Info.plist; sourceTree = "<group>"; };
		56AFA49C2B1115DE00E2C239 /* CustomTableViewCell.swift */ = {isa = PBXFileReference; lastKnownFileType = sourcecode.swift; path = CustomTableViewCell.swift; sourceTree = "<group>"; };
		56AFA4A52B11207900E2C239 /* APICaller.swift */ = {isa = PBXFileReference; lastKnownFileType = sourcecode.swift; path = APICaller.swift; sourceTree = "<group>"; };
		56AFA4A82B11210000E2C239 /* PostModel.swift */ = {isa = PBXFileReference; lastKnownFileType = sourcecode.swift; path = PostModel.swift; sourceTree = "<group>"; };
		56AFA4AA2B112EBF00E2C239 /* NewPageViewController.swift */ = {isa = PBXFileReference; lastKnownFileType = sourcecode.swift; path = NewPageViewController.swift; sourceTree = "<group>"; };
/* End PBXFileReference section */

/* Begin PBXFrameworksBuildPhase section */
		56AFA47F2B1114E900E2C239 /* Frameworks */ = {
			isa = PBXFrameworksBuildPhase;
			buildActionMask = 2147483647;
			files = (
				56AFA4A32B111AE000E2C239 /* SDWebImageMapKit in Frameworks */,
				56AFA4A12B111AE000E2C239 /* SDWebImage in Frameworks */,
			);
			runOnlyForDeploymentPostprocessing = 0;
		};
/* End PBXFrameworksBuildPhase section */

/* Begin PBXGroup section */
		56AFA4792B1114E900E2C239 = {
			isa = PBXGroup;
			children = (
				56AFA4842B1114E900E2C239 /* TableViewPagination */,
				56AFA4832B1114E900E2C239 /* Products */,
			);
			sourceTree = "<group>";
		};
		56AFA4832B1114E900E2C239 /* Products */ = {
			isa = PBXGroup;
			children = (
				56AFA4822B1114E900E2C239 /* TableViewPagination.app */,
			);
			name = Products;
			sourceTree = "<group>";
		};
		56AFA4842B1114E900E2C239 /* TableViewPagination */ = {
			isa = PBXGroup;
			children = (
				56AFA4A42B11206A00E2C239 /* Managers */,
				56AFA4A72B1120F400E2C239 /* Models */,
				56AFA4992B1115AE00E2C239 /* Resources */,
				56AFA49A2B1115B500E2C239 /* Controllers */,
				56AFA49B2B1115C200E2C239 /* Views */,
				56AFA4932B1114EA00E2C239 /* Info.plist */,
			);
			path = TableViewPagination;
			sourceTree = "<group>";
		};
		56AFA4992B1115AE00E2C239 /* Resources */ = {
			isa = PBXGroup;
			children = (
				56AFA48E2B1114EA00E2C239 /* Assets.xcassets */,
				56AFA4852B1114E900E2C239 /* AppDelegate.swift */,
				56AFA4872B1114E900E2C239 /* SceneDelegate.swift */,
				56AFA4A82B11210000E2C239 /* PostModel.swift */,
			);
			path = Resources;
			sourceTree = "<group>";
		};
		56AFA49A2B1115B500E2C239 /* Controllers */ = {
			isa = PBXGroup;
			children = (
				56AFA4892B1114E900E2C239 /* ViewController.swift */,
				56AFA4AA2B112EBF00E2C239 /* NewPageViewController.swift */,
			);
			path = Controllers;
			sourceTree = "<group>";
		};
		56AFA49B2B1115C200E2C239 /* Views */ = {
			isa = PBXGroup;
			children = (
				56AFA49C2B1115DE00E2C239 /* CustomTableViewCell.swift */,
				56AFA49E2B11162E00E2C239 /* Storyboards */,
			);
			path = Views;
			sourceTree = "<group>";
		};
		56AFA49E2B11162E00E2C239 /* Storyboards */ = {
			isa = PBXGroup;
			children = (
				56AFA4902B1114EA00E2C239 /* LaunchScreen.storyboard */,
			);
			path = Storyboards;
			sourceTree = "<group>";
		};
		56AFA4A42B11206A00E2C239 /* Managers */ = {
			isa = PBXGroup;
			children = (
				56AFA4A52B11207900E2C239 /* APICaller.swift */,
			);
			path = Managers;
			sourceTree = "<group>";
		};
		56AFA4A72B1120F400E2C239 /* Models */ = {
			isa = PBXGroup;
			children = (
			);
			path = Models;
			sourceTree = "<group>";
		};
/* End PBXGroup section */

/* Begin PBXNativeTarget section */
		56AFA4812B1114E900E2C239 /* TableViewPagination */ = {
			isa = PBXNativeTarget;
			buildConfigurationList = 56AFA4962B1114EA00E2C239 /* Build configuration list for PBXNativeTarget "TableViewPagination" */;
			buildPhases = (
				56AFA47E2B1114E900E2C239 /* Sources */,
				56AFA47F2B1114E900E2C239 /* Frameworks */,
				56AFA4802B1114E900E2C239 /* Resources */,
			);
			buildRules = (
			);
			dependencies = (
			);
			name = TableViewPagination;
			packageProductDependencies = (
				56AFA4A02B111AE000E2C239 /* SDWebImage */,
				56AFA4A22B111AE000E2C239 /* SDWebImageMapKit */,
			);
			productName = TableViewPagination;
			productReference = 56AFA4822B1114E900E2C239 /* TableViewPagination.app */;
			productType = "com.apple.product-type.application";
		};
/* End PBXNativeTarget section */

/* Begin PBXProject section */
		56AFA47A2B1114E900E2C239 /* Project object */ = {
			isa = PBXProject;
			attributes = {
				BuildIndependentTargetsInParallel = 1;
				LastSwiftUpdateCheck = 1500;
				LastUpgradeCheck = 1500;
				TargetAttributes = {
					56AFA4812B1114E900E2C239 = {
						CreatedOnToolsVersion = 15.0.1;
					};
				};
			};
			buildConfigurationList = 56AFA47D2B1114E900E2C239 /* Build configuration list for PBXProject "TableViewPagination" */;
			compatibilityVersion = "Xcode 14.0";
			developmentRegion = en;
			hasScannedForEncodings = 0;
			knownRegions = (
				en,
				Base,
			);
			mainGroup = 56AFA4792B1114E900E2C239;
			packageReferences = (
				56AFA49F2B111AE000E2C239 /* XCRemoteSwiftPackageReference "SDWebImage" */,
			);
			productRefGroup = 56AFA4832B1114E900E2C239 /* Products */;
			projectDirPath = "";
			projectRoot = "";
			targets = (
				56AFA4812B1114E900E2C239 /* TableViewPagination */,
			);
		};
/* End PBXProject section */

/* Begin PBXResourcesBuildPhase section */
		56AFA4802B1114E900E2C239 /* Resources */ = {
			isa = PBXResourcesBuildPhase;
			buildActionMask = 2147483647;
			files = (
				56AFA4922B1114EA00E2C239 /* LaunchScreen.storyboard in Resources */,
				56AFA48F2B1114EA00E2C239 /* Assets.xcassets in Resources */,
			);
			runOnlyForDeploymentPostprocessing = 0;
		};
/* End PBXResourcesBuildPhase section */

/* Begin PBXSourcesBuildPhase section */
		56AFA47E2B1114E900E2C239 /* Sources */ = {
			isa = PBXSourcesBuildPhase;
			buildActionMask = 2147483647;
			files = (
				56AFA4AB2B112EBF00E2C239 /* NewPageViewController.swift in Sources */,
				56AFA48A2B1114E900E2C239 /* ViewController.swift in Sources */,
				56AFA4A92B11210000E2C239 /* PostModel.swift in Sources */,
				56AFA4862B1114E900E2C239 /* AppDelegate.swift in Sources */,
				56AFA49D2B1115DE00E2C239 /* CustomTableViewCell.swift in Sources */,
				56AFA4A62B11207900E2C239 /* APICaller.swift in Sources */,
				56AFA4882B1114E900E2C239 /* SceneDelegate.swift in Sources */,
			);
			runOnlyForDeploymentPostprocessing = 0;
		};
/* End PBXSourcesBuildPhase section */

/* Begin PBXVariantGroup section */
		56AFA4902B1114EA00E2C239 /* LaunchScreen.storyboard */ = {
			isa = PBXVariantGroup;
			children = (
				56AFA4912B1114EA00E2C239 /* Base */,
			);
			name = LaunchScreen.storyboard;
			sourceTree = "<group>";
		};
/* End PBXVariantGroup section */

/* Begin XCBuildConfiguration section */
		56AFA4942B1114EA00E2C239 /* Debug */ = {
			isa = XCBuildConfiguration;
			buildSettings = {
				ALWAYS_SEARCH_USER_PATHS = NO;
				ASSETCATALOG_COMPILER_GENERATE_SWIFT_ASSET_SYMBOL_EXTENSIONS = YES;
				CLANG_ANALYZER_NONNULL = YES;
				CLANG_ANALYZER_NUMBER_OBJECT_CONVERSION = YES_AGGRESSIVE;
				CLANG_CXX_LANGUAGE_STANDARD = "gnu++20";
				CLANG_ENABLE_MODULES = YES;
				CLANG_ENABLE_OBJC_ARC = YES;
				CLANG_ENABLE_OBJC_WEAK = YES;
				CLANG_WARN_BLOCK_CAPTURE_AUTORELEASING = YES;
				CLANG_WARN_BOOL_CONVERSION = YES;
				CLANG_WARN_COMMA = YES;
				CLANG_WARN_CONSTANT_CONVERSION = YES;
				CLANG_WARN_DEPRECATED_OBJC_IMPLEMENTATIONS = YES;
				CLANG_WARN_DIRECT_OBJC_ISA_USAGE = YES_ERROR;
				CLANG_WARN_DOCUMENTATION_COMMENTS = YES;
				CLANG_WARN_EMPTY_BODY = YES;
				CLANG_WARN_ENUM_CONVERSION = YES;
				CLANG_WARN_INFINITE_RECURSION = YES;
				CLANG_WARN_INT_CONVERSION = YES;
				CLANG_WARN_NON_LITERAL_NULL_CONVERSION = YES;
				CLANG_WARN_OBJC_IMPLICIT_RETAIN_SELF = YES;
				CLANG_WARN_OBJC_LITERAL_CONVERSION = YES;
				CLANG_WARN_OBJC_ROOT_CLASS = YES_ERROR;
				CLANG_WARN_QUOTED_INCLUDE_IN_FRAMEWORK_HEADER = YES;
				CLANG_WARN_RANGE_LOOP_ANALYSIS = YES;
				CLANG_WARN_STRICT_PROTOTYPES = YES;
				CLANG_WARN_SUSPICIOUS_MOVE = YES;
				CLANG_WARN_UNGUARDED_AVAILABILITY = YES_AGGRESSIVE;
				CLANG_WARN_UNREACHABLE_CODE = YES;
				CLANG_WARN__DUPLICATE_METHOD_MATCH = YES;
				COPY_PHASE_STRIP = NO;
				DEBUG_INFORMATION_FORMAT = dwarf;
				ENABLE_STRICT_OBJC_MSGSEND = YES;
				ENABLE_TESTABILITY = YES;
				ENABLE_USER_SCRIPT_SANDBOXING = YES;
				GCC_C_LANGUAGE_STANDARD = gnu17;
				GCC_DYNAMIC_NO_PIC = NO;
				GCC_NO_COMMON_BLOCKS = YES;
				GCC_OPTIMIZATION_LEVEL = 0;
				GCC_PREPROCESSOR_DEFINITIONS = (
					"DEBUG=1",
					"$(inherited)",
				);
				GCC_WARN_64_TO_32_BIT_CONVERSION = YES;
				GCC_WARN_ABOUT_RETURN_TYPE = YES_ERROR;
				GCC_WARN_UNDECLARED_SELECTOR = YES;
				GCC_WARN_UNINITIALIZED_AUTOS = YES_AGGRESSIVE;
				GCC_WARN_UNUSED_FUNCTION = YES;
				GCC_WARN_UNUSED_VARIABLE = YES;
				IPHONEOS_DEPLOYMENT_TARGET = 17.0;
				LOCALIZATION_PREFERS_STRING_CATALOGS = YES;
				MTL_ENABLE_DEBUG_INFO = INCLUDE_SOURCE;
				MTL_FAST_MATH = YES;
				ONLY_ACTIVE_ARCH = YES;
				SDKROOT = iphoneos;
				SWIFT_ACTIVE_COMPILATION_CONDITIONS = "DEBUG $(inherited)";
				SWIFT_OPTIMIZATION_LEVEL = "-Onone";
			};
			name = Debug;
		};
		56AFA4952B1114EA00E2C239 /* Release */ = {
			isa = XCBuildConfiguration;
			buildSettings = {
				ALWAYS_SEARCH_USER_PATHS = NO;
				ASSETCATALOG_COMPILER_GENERATE_SWIFT_ASSET_SYMBOL_EXTENSIONS = YES;
				CLANG_ANALYZER_NONNULL = YES;
				CLANG_ANALYZER_NUMBER_OBJECT_CONVERSION = YES_AGGRESSIVE;
				CLANG_CXX_LANGUAGE_STANDARD = "gnu++20";
				CLANG_ENABLE_MODULES = YES;
				CLANG_ENABLE_OBJC_ARC = YES;
				CLANG_ENABLE_OBJC_WEAK = YES;
				CLANG_WARN_BLOCK_CAPTURE_AUTORELEASING = YES;
				CLANG_WARN_BOOL_CONVERSION = YES;
				CLANG_WARN_COMMA = YES;
				CLANG_WARN_CONSTANT_CONVERSION = YES;
				CLANG_WARN_DEPRECATED_OBJC_IMPLEMENTATIONS = YES;
				CLANG_WARN_DIRECT_OBJC_ISA_USAGE = YES_ERROR;
				CLANG_WARN_DOCUMENTATION_COMMENTS = YES;
				CLANG_WARN_EMPTY_BODY = YES;
				CLANG_WARN_ENUM_CONVERSION = YES;
				CLANG_WARN_INFINITE_RECURSION = YES;
				CLANG_WARN_INT_CONVERSION = YES;
				CLANG_WARN_NON_LITERAL_NULL_CONVERSION = YES;
				CLANG_WARN_OBJC_IMPLICIT_RETAIN_SELF = YES;
				CLANG_WARN_OBJC_LITERAL_CONVERSION = YES;
				CLANG_WARN_OBJC_ROOT_CLASS = YES_ERROR;
				CLANG_WARN_QUOTED_INCLUDE_IN_FRAMEWORK_HEADER = YES;
				CLANG_WARN_RANGE_LOOP_ANALYSIS = YES;
				CLANG_WARN_STRICT_PROTOTYPES = YES;
				CLANG_WARN_SUSPICIOUS_MOVE = YES;
				CLANG_WARN_UNGUARDED_AVAILABILITY = YES_AGGRESSIVE;
				CLANG_WARN_UNREACHABLE_CODE = YES;
				CLANG_WARN__DUPLICATE_METHOD_MATCH = YES;
				COPY_PHASE_STRIP = NO;
				DEBUG_INFORMATION_FORMAT = "dwarf-with-dsym";
				ENABLE_NS_ASSERTIONS = NO;
				ENABLE_STRICT_OBJC_MSGSEND = YES;
				ENABLE_USER_SCRIPT_SANDBOXING = YES;
				GCC_C_LANGUAGE_STANDARD = gnu17;
				GCC_NO_COMMON_BLOCKS = YES;
				GCC_WARN_64_TO_32_BIT_CONVERSION = YES;
				GCC_WARN_ABOUT_RETURN_TYPE = YES_ERROR;
				GCC_WARN_UNDECLARED_SELECTOR = YES;
				GCC_WARN_UNINITIALIZED_AUTOS = YES_AGGRESSIVE;
				GCC_WARN_UNUSED_FUNCTION = YES;
				GCC_WARN_UNUSED_VARIABLE = YES;
				IPHONEOS_DEPLOYMENT_TARGET = 17.0;
				LOCALIZATION_PREFERS_STRING_CATALOGS = YES;
				MTL_ENABLE_DEBUG_INFO = NO;
				MTL_FAST_MATH = YES;
				SDKROOT = iphoneos;
				SWIFT_COMPILATION_MODE = wholemodule;
				VALIDATE_PRODUCT = YES;
			};
			name = Release;
		};
		56AFA4972B1114EA00E2C239 /* Debug */ = {
			isa = XCBuildConfiguration;
			buildSettings = {
				ASSETCATALOG_COMPILER_APPICON_NAME = AppIcon;
				ASSETCATALOG_COMPILER_GLOBAL_ACCENT_COLOR_NAME = AccentColor;
				CODE_SIGN_STYLE = Automatic;
				CURRENT_PROJECT_VERSION = 1;
				DEVELOPMENT_TEAM = 688ZGR6BUC;
				GENERATE_INFOPLIST_FILE = YES;
				INFOPLIST_FILE = TableViewPagination/Info.plist;
				INFOPLIST_KEY_UIApplicationSupportsIndirectInputEvents = YES;
				INFOPLIST_KEY_UILaunchStoryboardName = LaunchScreen;
				INFOPLIST_KEY_UISupportedInterfaceOrientations_iPad = "UIInterfaceOrientationPortrait UIInterfaceOrientationPortraitUpsideDown UIInterfaceOrientationLandscapeLeft UIInterfaceOrientationLandscapeRight";
				INFOPLIST_KEY_UISupportedInterfaceOrientations_iPhone = "UIInterfaceOrientationPortrait UIInterfaceOrientationLandscapeLeft UIInterfaceOrientationLandscapeRight";
				IPHONEOS_DEPLOYMENT_TARGET = 13.0;
				LD_RUNPATH_SEARCH_PATHS = (
					"$(inherited)",
					"@executable_path/Frameworks",
				);
				MARKETING_VERSION = 1.0;
				PRODUCT_BUNDLE_IDENTIFIER = com.pulkit1211.testing.TableViewPagination;
				PRODUCT_NAME = "$(TARGET_NAME)";
				SUPPORTED_PLATFORMS = "iphoneos iphonesimulator";
				SUPPORTS_MACCATALYST = NO;
				SUPPORTS_MAC_DESIGNED_FOR_IPHONE_IPAD = NO;
				SWIFT_EMIT_LOC_STRINGS = YES;
				SWIFT_VERSION = 5.0;
				TARGETED_DEVICE_FAMILY = "1,2";
			};
			name = Debug;
		};
		56AFA4982B1114EA00E2C239 /* Release */ = {
			isa = XCBuildConfiguration;
			buildSettings = {
				ASSETCATALOG_COMPILER_APPICON_NAME = AppIcon;
				ASSETCATALOG_COMPILER_GLOBAL_ACCENT_COLOR_NAME = AccentColor;
				CODE_SIGN_STYLE = Automatic;
				CURRENT_PROJECT_VERSION = 1;
				DEVELOPMENT_TEAM = 688ZGR6BUC;
				GENERATE_INFOPLIST_FILE = YES;
				INFOPLIST_FILE = TableViewPagination/Info.plist;
				INFOPLIST_KEY_UIApplicationSupportsIndirectInputEvents = YES;
				INFOPLIST_KEY_UILaunchStoryboardName = LaunchScreen;
				INFOPLIST_KEY_UISupportedInterfaceOrientations_iPad = "UIInterfaceOrientationPortrait UIInterfaceOrientationPortraitUpsideDown UIInterfaceOrientationLandscapeLeft UIInterfaceOrientationLandscapeRight";
				INFOPLIST_KEY_UISupportedInterfaceOrientations_iPhone = "UIInterfaceOrientationPortrait UIInterfaceOrientationLandscapeLeft UIInterfaceOrientationLandscapeRight";
				IPHONEOS_DEPLOYMENT_TARGET = 13.0;
				LD_RUNPATH_SEARCH_PATHS = (
					"$(inherited)",
					"@executable_path/Frameworks",
				);
				MARKETING_VERSION = 1.0;
				PRODUCT_BUNDLE_IDENTIFIER = com.pulkit1211.testing.TableViewPagination;
				PRODUCT_NAME = "$(TARGET_NAME)";
				SUPPORTED_PLATFORMS = "iphoneos iphonesimulator";
				SUPPORTS_MACCATALYST = NO;
				SUPPORTS_MAC_DESIGNED_FOR_IPHONE_IPAD = NO;
				SWIFT_EMIT_LOC_STRINGS = YES;
				SWIFT_VERSION = 5.0;
				TARGETED_DEVICE_FAMILY = "1,2";
			};
			name = Release;
		};
/* End XCBuildConfiguration section */

/* Begin XCConfigurationList section */
		56AFA47D2B1114E900E2C239 /* Build configuration list for PBXProject "TableViewPagination" */ = {
			isa = XCConfigurationList;
			buildConfigurations = (
				56AFA4942B1114EA00E2C239 /* Debug */,
				56AFA4952B1114EA00E2C239 /* Release */,
			);
			defaultConfigurationIsVisible = 0;
			defaultConfigurationName = Release;
		};
		56AFA4962B1114EA00E2C239 /* Build configuration list for PBXNativeTarget "TableViewPagination" */ = {
			isa = XCConfigurationList;
			buildConfigurations = (
				56AFA4972B1114EA00E2C239 /* Debug */,
				56AFA4982B1114EA00E2C239 /* Release */,
			);
			defaultConfigurationIsVisible = 0;
			defaultConfigurationName = Release;
		};
/* End XCConfigurationList section */

/* Begin XCRemoteSwiftPackageReference section */
		56AFA49F2B111AE000E2C239 /* XCRemoteSwiftPackageReference "SDWebImage" */ = {
			isa = XCRemoteSwiftPackageReference;
			repositoryURL = "https://github.com/SDWebImage/SDWebImage.git";
			requirement = {
				kind = upToNextMajorVersion;
				minimumVersion = 5.18.5;
			};
		};
/* End XCRemoteSwiftPackageReference section */

/* Begin XCSwiftPackageProductDependency section */
		56AFA4A02B111AE000E2C239 /* SDWebImage */ = {
			isa = XCSwiftPackageProductDependency;
			package = 56AFA49F2B111AE000E2C239 /* XCRemoteSwiftPackageReference "SDWebImage" */;
			productName = SDWebImage;
		};
		56AFA4A22B111AE000E2C239 /* SDWebImageMapKit */ = {
			isa = XCSwiftPackageProductDependency;
			package = 56AFA49F2B111AE000E2C239 /* XCRemoteSwiftPackageReference "SDWebImage" */;
			productName = SDWebImageMapKit;
		};
/* End XCSwiftPackageProductDependency section */
	};
	rootObject = 56AFA47A2B1114E900E2C239 /* Project object */;
}
